version: 2.0
shards:
  ameba:
    git: https://github.com/crystal-ameba/ameba.git
    version: 1.7.0-dev+git.commit.f22db143abd884b4e08c2fcd91d99cf187fb56d1

  bindata:
    git: https://github.com/spider-gazelle/bindata.git
    version: 3.2.1

  tokenizer:
    git: https://github.com/spider-gazelle/tokenizer.git
    version: 1.1.1

