version: 2.0
shards:
  ameba:
    git: https://github.com/crystal-ameba/ameba.git
    version: 0.13.4

  bindata:
    git: https://github.com/spider-gazelle/bindata.git
    version: 1.8.1

  cron_parser:
    git: https://github.com/kostya/cron_parser.git
    version: 0.3.0

  future:
    git: https://github.com/crystal-community/future.cr.git
    version: 0.1.0

  promise:
    git: https://github.com/spider-gazelle/promise.git
    version: 2.2.1

  tasker:
    git: https://github.com/spider-gazelle/tasker.git
    version: 2.0.2

  tokenizer:
    git: https://github.com/spider-gazelle/tokenizer.git
    version: 1.1.0

